
Microsoft Visual Studio Solution File, Format Version 12.00
# Visual Studio Version 17
VisualStudioVersion = 17.8.34330.188
MinimumVisualStudioVersion = 10.0.40219.1
Project("{FAE04EC0-301F-11D3-BF4B-00C04F79EFBC}") = "Learn1", "Learn1\Learn1.csproj", "{C6C804D1-21CE-4C45-A8A0-0BE50EDE2679}"
EndProject
Project("{FAE04EC0-301F-11D3-BF4B-00C04F79EFBC}") = "Learn1.Domain", "Learn1.Domain\Learn1.Domain.csproj", "{8877D86C-42FE-4649-B1DC-5671C5B0DF99}"
EndProject
Project("{FAE04EC0-301F-11D3-BF4B-00C04F79EFBC}") = "Learn1.Application", "Learn1.Application\Learn1.Application.csproj", "{1590CD76-AA51-42BE-929E-1F4E7DF5E823}"
EndProject
Project("{FAE04EC0-301F-11D3-BF4B-00C04F79EFBC}") = "Learn1.Persistance", "Learn1.Persistance\Learn1.Persistance.csproj", "{B2AAD87A-7A94-490C-A9EE-FD17DD80C4A4}"
EndProject
Project("{FAE04EC0-301F-11D3-BF4B-00C04F79EFBC}") = "Learn1.Infrastructure", "Learn1.Infrastructure\Learn1.Infrastructure.csproj", "{697AB029-D5A8-4742-8751-C02D9DAA41D0}"
EndProject
Global
	GlobalSection(SolutionConfigurationPlatforms) = preSolution
		Debug|Any CPU = Debug|Any CPU
		Release|Any CPU = Release|Any CPU
	EndGlobalSection
	GlobalSection(ProjectConfigurationPlatforms) = postSolution
		{C6C804D1-21CE-4C45-A8A0-0BE50EDE2679}.Debug|Any CPU.ActiveCfg = Debug|Any CPU
		{C6C804D1-21CE-4C45-A8A0-0BE50EDE2679}.Debug|Any CPU.Build.0 = Debug|Any CPU
		{C6C804D1-21CE-4C45-A8A0-0BE50EDE2679}.Release|Any CPU.ActiveCfg = Release|Any CPU
		{C6C804D1-21CE-4C45-A8A0-0BE50EDE2679}.Release|Any CPU.Build.0 = Release|Any CPU
		{8877D86C-42FE-4649-B1DC-5671C5B0DF99}.Debug|Any CPU.ActiveCfg = Debug|Any CPU
		{8877D86C-42FE-4649-B1DC-5671C5B0DF99}.Debug|Any CPU.Build.0 = Debug|Any CPU
		{8877D86C-42FE-4649-B1DC-5671C5B0DF99}.Release|Any CPU.ActiveCfg = Release|Any CPU
		{8877D86C-42FE-4649-B1DC-5671C5B0DF99}.Release|Any CPU.Build.0 = Release|Any CPU
		{1590CD76-AA51-42BE-929E-1F4E7DF5E823}.Debug|Any CPU.ActiveCfg = Debug|Any CPU
		{1590CD76-AA51-42BE-929E-1F4E7DF5E823}.Debug|Any CPU.Build.0 = Debug|Any CPU
		{1590CD76-AA51-42BE-929E-1F4E7DF5E823}.Release|Any CPU.ActiveCfg = Release|Any CPU
		{1590CD76-AA51-42BE-929E-1F4E7DF5E823}.Release|Any CPU.Build.0 = Release|Any CPU
		{B2AAD87A-7A94-490C-A9EE-FD17DD80C4A4}.Debug|Any CPU.ActiveCfg = Debug|Any CPU
		{B2AAD87A-7A94-490C-A9EE-FD17DD80C4A4}.Debug|Any CPU.Build.0 = Debug|Any CPU
		{B2AAD87A-7A94-490C-A9EE-FD17DD80C4A4}.Release|Any CPU.ActiveCfg = Release|Any CPU
		{B2AAD87A-7A94-490C-A9EE-FD17DD80C4A4}.Release|Any CPU.Build.0 = Release|Any CPU
		{697AB029-D5A8-4742-8751-C02D9DAA41D0}.Debug|Any CPU.ActiveCfg = Debug|Any CPU
		{697AB029-D5A8-4742-8751-C02D9DAA41D0}.Debug|Any CPU.Build.0 = Debug|Any CPU
		{697AB029-D5A8-4742-8751-C02D9DAA41D0}.Release|Any CPU.ActiveCfg = Release|Any CPU
		{697AB029-D5A8-4742-8751-C02D9DAA41D0}.Release|Any CPU.Build.0 = Release|Any CPU
	EndGlobalSection
	GlobalSection(SolutionProperties) = preSolution
		HideSolutionNode = FALSE
	EndGlobalSection
	GlobalSection(ExtensibilityGlobals) = postSolution
		SolutionGuid = {BBC5867B-C00A-4CE0-8C60-FF805E5605FC}
	EndGlobalSection
EndGlobal
